// !$*UTF8*$!
{
	archiveVersion = 1;
	classes = {
	};
	objectVersion = 56;
	objects = {

/* Begin PBXBuildFile section */
		6E1364A6A3DCECA4AFF4AA5D /* Pods_Affirmate.framework in Frameworks */ = {isa = PBXBuildFile; fileRef = 83B42F3FB5B628AB2B0F1C0B /* Pods_Affirmate.framework */; };
		D70E99AF2A0ED81100D22C4B /* CategoryView.swift in Sources */ = {isa = PBXBuildFile; fileRef = D70E99AE2A0ED81100D22C4B /* CategoryView.swift */; };
		D70E99B12A0ED82800D22C4B /* CategoryViewModel.swift in Sources */ = {isa = PBXBuildFile; fileRef = D70E99B02A0ED82800D22C4B /* CategoryViewModel.swift */; };
		D7111CDA29FC2C200081829C /* AffirmateApp.swift in Sources */ = {isa = PBXBuildFile; fileRef = D7111CD929FC2C200081829C /* AffirmateApp.swift */; };
		D7111CDE29FC2C210081829C /* Assets.xcassets in Resources */ = {isa = PBXBuildFile; fileRef = D7111CDD29FC2C210081829C /* Assets.xcassets */; };
		D7111CE129FC2C210081829C /* Preview Assets.xcassets in Resources */ = {isa = PBXBuildFile; fileRef = D7111CE029FC2C210081829C /* Preview Assets.xcassets */; };
		D71C39CB2A2A02610036352B /* RemainderDay.swift in Sources */ = {isa = PBXBuildFile; fileRef = D71C39CA2A2A02610036352B /* RemainderDay.swift */; };
		D72E37472A30FF0A00F2D2E1 /* WeekDaysSelectionView.swift in Sources */ = {isa = PBXBuildFile; fileRef = D72E37462A30FF0A00F2D2E1 /* WeekDaysSelectionView.swift */; };
		D72E37492A30FF6B00F2D2E1 /* ReminderCategoryListView.swift in Sources */ = {isa = PBXBuildFile; fileRef = D72E37482A30FF6B00F2D2E1 /* ReminderCategoryListView.swift */; };
		D72E374B2A310F3400F2D2E1 /* ReminderSoundList.swift in Sources */ = {isa = PBXBuildFile; fileRef = D72E374A2A310F3400F2D2E1 /* ReminderSoundList.swift */; };
		D72E37532A31200000F2D2E1 /* doorBell.wav in Resources */ = {isa = PBXBuildFile; fileRef = D72E374D2A311FFD00F2D2E1 /* doorBell.wav */; };
		D72E37542A31200000F2D2E1 /* guitar.wav in Resources */ = {isa = PBXBuildFile; fileRef = D72E374E2A311FFE00F2D2E1 /* guitar.wav */; };
		D72E37552A31200000F2D2E1 /* light.wav in Resources */ = {isa = PBXBuildFile; fileRef = D72E374F2A311FFE00F2D2E1 /* light.wav */; };
		D72E37562A31200000F2D2E1 /* longPop.wav in Resources */ = {isa = PBXBuildFile; fileRef = D72E37502A311FFF00F2D2E1 /* longPop.wav */; };
		D72E37572A31200000F2D2E1 /* dry.wav in Resources */ = {isa = PBXBuildFile; fileRef = D72E37512A311FFF00F2D2E1 /* dry.wav */; };
		D72E37582A31200000F2D2E1 /* bell.wav in Resources */ = {isa = PBXBuildFile; fileRef = D72E37522A31200000F2D2E1 /* bell.wav */; };
		D72E375A2A3122C200F2D2E1 /* SoundPlayer.swift in Sources */ = {isa = PBXBuildFile; fileRef = D72E37592A3122C200F2D2E1 /* SoundPlayer.swift */; };
		D72E375F2A38C8C600F2D2E1 /* AlertToast in Frameworks */ = {isa = PBXBuildFile; productRef = D72E375E2A38C8C600F2D2E1 /* AlertToast */; };
		D78A71882A309EF9000EB7E7 /* Array+Extension.swift in Sources */ = {isa = PBXBuildFile; fileRef = D78A71872A309EF9000EB7E7 /* Array+Extension.swift */; };
		D78A718A2A30A710000EB7E7 /* Date+Extension.swift in Sources */ = {isa = PBXBuildFile; fileRef = D78A71892A30A710000EB7E7 /* Date+Extension.swift */; };
		D78A718C2A30BD87000EB7E7 /* NotificationManager.swift in Sources */ = {isa = PBXBuildFile; fileRef = D78A718B2A30BD87000EB7E7 /* NotificationManager.swift */; };
		D794E7FE2A10278700DF3DE4 /* CategoryModel.swift in Sources */ = {isa = PBXBuildFile; fileRef = D794E7FD2A10278700DF3DE4 /* CategoryModel.swift */; };
		D794E8032A13A3B000DF3DE4 /* RealmDataManager.swift in Sources */ = {isa = PBXBuildFile; fileRef = D794E8022A13A3B000DF3DE4 /* RealmDataManager.swift */; };
		D79D43052A051CE7005427DB /* DataBase.swift in Sources */ = {isa = PBXBuildFile; fileRef = D79D43042A051CE7005427DB /* DataBase.swift */; };
		D7A77CB92A10162C000354E1 /* CategoryCard.swift in Sources */ = {isa = PBXBuildFile; fileRef = D7A77CB82A10162C000354E1 /* CategoryCard.swift */; };
		D7B01F262A02F4AB0018105A /* HomeActionsView.swift in Sources */ = {isa = PBXBuildFile; fileRef = D7B01F252A02F4AB0018105A /* HomeActionsView.swift */; };
		D7B01F282A02F5BC0018105A /* AffirmationView.swift in Sources */ = {isa = PBXBuildFile; fileRef = D7B01F272A02F5BC0018105A /* AffirmationView.swift */; };
		D7B01F2A2A02F6720018105A /* HomeBackgroundView.swift in Sources */ = {isa = PBXBuildFile; fileRef = D7B01F292A02F6720018105A /* HomeBackgroundView.swift */; };
		D7B01F2F2A02FA910018105A /* AffirmationModel.swift in Sources */ = {isa = PBXBuildFile; fileRef = D7B01F2E2A02FA910018105A /* AffirmationModel.swift */; };
		D7B3BA292A14FCFC00A0E5C4 /* RealmSwift in Frameworks */ = {isa = PBXBuildFile; productRef = D7B3BA282A14FCFC00A0E5C4 /* RealmSwift */; };
		D7B3BA2B2A151F8C00A0E5C4 /* FavouriteModel.swift in Sources */ = {isa = PBXBuildFile; fileRef = D7B3BA2A2A151F8C00A0E5C4 /* FavouriteModel.swift */; };
		D7C7E87F2A432C5A008D77C7 /* FirebaseMessaging in Frameworks */ = {isa = PBXBuildFile; productRef = D7C7E87E2A432C5A008D77C7 /* FirebaseMessaging */; };
		D7CC65B32A0246FC00B8DD3B /* HomeView.swift in Sources */ = {isa = PBXBuildFile; fileRef = D7CC65B22A0246FC00B8DD3B /* HomeView.swift */; };
		D7CC65B52A02480A00B8DD3B /* HomeViewModel.swift in Sources */ = {isa = PBXBuildFile; fileRef = D7CC65B42A02480A00B8DD3B /* HomeViewModel.swift */; };
		D7E2D5A42A17A5FE0020DD15 /* ThemeView.swift in Sources */ = {isa = PBXBuildFile; fileRef = D7E2D5A32A17A5FE0020DD15 /* ThemeView.swift */; };
		D7E2D5A62A17E7C10020DD15 /* ThemeViewModel.swift in Sources */ = {isa = PBXBuildFile; fileRef = D7E2D5A52A17E7C10020DD15 /* ThemeViewModel.swift */; };
		D7E2D5A82A17E9150020DD15 /* ThemeModel.swift in Sources */ = {isa = PBXBuildFile; fileRef = D7E2D5A72A17E9150020DD15 /* ThemeModel.swift */; };
		D7E2D5AA2A1850DC0020DD15 /* ThemeCardView.swift in Sources */ = {isa = PBXBuildFile; fileRef = D7E2D5A92A1850DC0020DD15 /* ThemeCardView.swift */; };
		D7E2D5AE2A1A5F910020DD15 /* ThemeColorPickerView.swift in Sources */ = {isa = PBXBuildFile; fileRef = D7E2D5AD2A1A5F910020DD15 /* ThemeColorPickerView.swift */; };
		D7E2D5B02A1ACC6B0020DD15 /* ThemeColorPickerCardView.swift in Sources */ = {isa = PBXBuildFile; fileRef = D7E2D5AF2A1ACC6B0020DD15 /* ThemeColorPickerCardView.swift */; };
		D7E5C6102A261D76002FD0AC /* ReminderView.swift in Sources */ = {isa = PBXBuildFile; fileRef = D7E5C60F2A261D76002FD0AC /* ReminderView.swift */; };
		D7E5C6122A261D89002FD0AC /* ReminderViewModel.swift in Sources */ = {isa = PBXBuildFile; fileRef = D7E5C6112A261D89002FD0AC /* ReminderViewModel.swift */; };
		D7EF0FFD2A09063300FBDA75 /* String+Extension.swift in Sources */ = {isa = PBXBuildFile; fileRef = D7EF0FFC2A09063300FBDA75 /* String+Extension.swift */; };
		D7EF0FFF2A090FFE00FBDA75 /* Affirmations.json in Resources */ = {isa = PBXBuildFile; fileRef = D7EF0FFE2A090FFE00FBDA75 /* Affirmations.json */; };
		D7EF10012A0A6C3B00FBDA75 /* Color+Extension.swift in Sources */ = {isa = PBXBuildFile; fileRef = D7EF10002A0A6C3B00FBDA75 /* Color+Extension.swift */; };
		D7EF10032A0A787600FBDA75 /* Font+Extension.swift in Sources */ = {isa = PBXBuildFile; fileRef = D7EF10022A0A787600FBDA75 /* Font+Extension.swift */; };
		D7EF10062A0A846000FBDA75 /* JsonParser.swift in Sources */ = {isa = PBXBuildFile; fileRef = D7EF10052A0A846000FBDA75 /* JsonParser.swift */; };
		D7EF10082A0A873600FBDA75 /* Logger.swift in Sources */ = {isa = PBXBuildFile; fileRef = D7EF10072A0A873600FBDA75 /* Logger.swift */; };
		D7EF100A2A0AB44E00FBDA75 /* AppSetting.swift in Sources */ = {isa = PBXBuildFile; fileRef = D7EF10092A0AB44E00FBDA75 /* AppSetting.swift */; };
		D7EF100D2A0AB89700FBDA75 /* Affirmation.swift in Sources */ = {isa = PBXBuildFile; fileRef = D7EF100C2A0AB89700FBDA75 /* Affirmation.swift */; };
		D7EF100F2A0AC20600FBDA75 /* AppDelegate.swift in Sources */ = {isa = PBXBuildFile; fileRef = D7EF100E2A0AC20600FBDA75 /* AppDelegate.swift */; };
		D7EF10122A0AD39900FBDA75 /* Reachability in Frameworks */ = {isa = PBXBuildFile; productRef = D7EF10112A0AD39900FBDA75 /* Reachability */; };
		D7EF10142A0AD4EE00FBDA75 /* ReachabilityManager.swift in Sources */ = {isa = PBXBuildFile; fileRef = D7EF10132A0AD4EE00FBDA75 /* ReachabilityManager.swift */; };
		D7EF10162A0AEAB000FBDA75 /* DownloadManager.swift in Sources */ = {isa = PBXBuildFile; fileRef = D7EF10152A0AEAB000FBDA75 /* DownloadManager.swift */; };
		D7EF10192A0AEB4B00FBDA75 /* RemoteConfigManager.swift in Sources */ = {isa = PBXBuildFile; fileRef = D7EF10182A0AEB4B00FBDA75 /* RemoteConfigManager.swift */; };
		D7EF101D2A0BBE0900FBDA75 /* SystemConfiguration.framework in Frameworks */ = {isa = PBXBuildFile; fileRef = D7EF101C2A0BBE0800FBDA75 /* SystemConfiguration.framework */; };
		D7EF10202A0BDE5200FBDA75 /* FirebaseRemoteConfig in Frameworks */ = {isa = PBXBuildFile; productRef = D7EF101F2A0BDE5200FBDA75 /* FirebaseRemoteConfig */; };
		D7EF10222A0BDE5200FBDA75 /* FirebaseRemoteConfigSwift in Frameworks */ = {isa = PBXBuildFile; productRef = D7EF10212A0BDE5200FBDA75 /* FirebaseRemoteConfigSwift */; };
		D7EF10242A0BDE5200FBDA75 /* FirebaseStorage in Frameworks */ = {isa = PBXBuildFile; productRef = D7EF10232A0BDE5200FBDA75 /* FirebaseStorage */; };
		D7EF10292A0C215D00FBDA75 /* FirebaseManager.swift in Sources */ = {isa = PBXBuildFile; fileRef = D7EF10282A0C215D00FBDA75 /* FirebaseManager.swift */; };
/* End PBXBuildFile section */

/* Begin PBXFileReference section */
		6B539FA890D88B502022CA65 /* Pods-Affirmate.release.xcconfig */ = {isa = PBXFileReference; includeInIndex = 1; lastKnownFileType = text.xcconfig; name = "Pods-Affirmate.release.xcconfig"; path = "Target Support Files/Pods-Affirmate/Pods-Affirmate.release.xcconfig"; sourceTree = "<group>"; };
		83B42F3FB5B628AB2B0F1C0B /* Pods_Affirmate.framework */ = {isa = PBXFileReference; explicitFileType = wrapper.framework; includeInIndex = 0; path = Pods_Affirmate.framework; sourceTree = BUILT_PRODUCTS_DIR; };
		D70E99AE2A0ED81100D22C4B /* CategoryView.swift */ = {isa = PBXFileReference; lastKnownFileType = sourcecode.swift; path = CategoryView.swift; sourceTree = "<group>"; };
		D70E99B02A0ED82800D22C4B /* CategoryViewModel.swift */ = {isa = PBXFileReference; lastKnownFileType = sourcecode.swift; path = CategoryViewModel.swift; sourceTree = "<group>"; };
		D7111CD629FC2C200081829C /* Affirmate.app */ = {isa = PBXFileReference; explicitFileType = wrapper.application; includeInIndex = 0; path = Affirmate.app; sourceTree = BUILT_PRODUCTS_DIR; };
		D7111CD929FC2C200081829C /* AffirmateApp.swift */ = {isa = PBXFileReference; lastKnownFileType = sourcecode.swift; path = AffirmateApp.swift; sourceTree = "<group>"; };
		D7111CDD29FC2C210081829C /* Assets.xcassets */ = {isa = PBXFileReference; lastKnownFileType = folder.assetcatalog; path = Assets.xcassets; sourceTree = "<group>"; };
		D7111CE029FC2C210081829C /* Preview Assets.xcassets */ = {isa = PBXFileReference; lastKnownFileType = folder.assetcatalog; path = "Preview Assets.xcassets"; sourceTree = "<group>"; };
		D71C39CA2A2A02610036352B /* RemainderDay.swift */ = {isa = PBXFileReference; lastKnownFileType = sourcecode.swift; path = RemainderDay.swift; sourceTree = "<group>"; };
		D72E37462A30FF0A00F2D2E1 /* WeekDaysSelectionView.swift */ = {isa = PBXFileReference; lastKnownFileType = sourcecode.swift; path = WeekDaysSelectionView.swift; sourceTree = "<group>"; };
		D72E37482A30FF6B00F2D2E1 /* ReminderCategoryListView.swift */ = {isa = PBXFileReference; lastKnownFileType = sourcecode.swift; path = ReminderCategoryListView.swift; sourceTree = "<group>"; };
		D72E374A2A310F3400F2D2E1 /* ReminderSoundList.swift */ = {isa = PBXFileReference; lastKnownFileType = sourcecode.swift; path = ReminderSoundList.swift; sourceTree = "<group>"; };
		D72E374D2A311FFD00F2D2E1 /* doorBell.wav */ = {isa = PBXFileReference; lastKnownFileType = audio.wav; path = doorBell.wav; sourceTree = "<group>"; };
		D72E374E2A311FFE00F2D2E1 /* guitar.wav */ = {isa = PBXFileReference; lastKnownFileType = audio.wav; path = guitar.wav; sourceTree = "<group>"; };
		D72E374F2A311FFE00F2D2E1 /* light.wav */ = {isa = PBXFileReference; lastKnownFileType = audio.wav; path = light.wav; sourceTree = "<group>"; };
		D72E37502A311FFF00F2D2E1 /* longPop.wav */ = {isa = PBXFileReference; lastKnownFileType = audio.wav; path = longPop.wav; sourceTree = "<group>"; };
		D72E37512A311FFF00F2D2E1 /* dry.wav */ = {isa = PBXFileReference; lastKnownFileType = audio.wav; path = dry.wav; sourceTree = "<group>"; };
		D72E37522A31200000F2D2E1 /* bell.wav */ = {isa = PBXFileReference; lastKnownFileType = audio.wav; path = bell.wav; sourceTree = "<group>"; };
		D72E37592A3122C200F2D2E1 /* SoundPlayer.swift */ = {isa = PBXFileReference; lastKnownFileType = sourcecode.swift; path = SoundPlayer.swift; sourceTree = "<group>"; };
		D72E375B2A38BA1100F2D2E1 /* Affirmate.entitlements */ = {isa = PBXFileReference; lastKnownFileType = text.plist.entitlements; path = Affirmate.entitlements; sourceTree = "<group>"; };
		D72E375C2A38C04100F2D2E1 /* Info.plist */ = {isa = PBXFileReference; lastKnownFileType = text.plist; path = Info.plist; sourceTree = "<group>"; };
		D78A71872A309EF9000EB7E7 /* Array+Extension.swift */ = {isa = PBXFileReference; lastKnownFileType = sourcecode.swift; path = "Array+Extension.swift"; sourceTree = "<group>"; };
		D78A71892A30A710000EB7E7 /* Date+Extension.swift */ = {isa = PBXFileReference; lastKnownFileType = sourcecode.swift; path = "Date+Extension.swift"; sourceTree = "<group>"; };
		D78A718B2A30BD87000EB7E7 /* NotificationManager.swift */ = {isa = PBXFileReference; lastKnownFileType = sourcecode.swift; path = NotificationManager.swift; sourceTree = "<group>"; };
		D794E7FD2A10278700DF3DE4 /* CategoryModel.swift */ = {isa = PBXFileReference; lastKnownFileType = sourcecode.swift; path = CategoryModel.swift; sourceTree = "<group>"; };
		D794E8002A13A31F00DF3DE4 /* CoreData.framework */ = {isa = PBXFileReference; lastKnownFileType = wrapper.framework; name = CoreData.framework; path = System/Library/Frameworks/CoreData.framework; sourceTree = SDKROOT; };
		D794E8022A13A3B000DF3DE4 /* RealmDataManager.swift */ = {isa = PBXFileReference; lastKnownFileType = sourcecode.swift; path = RealmDataManager.swift; sourceTree = "<group>"; };
		D79D43042A051CE7005427DB /* DataBase.swift */ = {isa = PBXFileReference; lastKnownFileType = sourcecode.swift; path = DataBase.swift; sourceTree = "<group>"; };
		D7A77CB82A10162C000354E1 /* CategoryCard.swift */ = {isa = PBXFileReference; lastKnownFileType = sourcecode.swift; path = CategoryCard.swift; sourceTree = "<group>"; };
		D7B01F252A02F4AB0018105A /* HomeActionsView.swift */ = {isa = PBXFileReference; lastKnownFileType = sourcecode.swift; path = HomeActionsView.swift; sourceTree = "<group>"; };
		D7B01F272A02F5BC0018105A /* AffirmationView.swift */ = {isa = PBXFileReference; lastKnownFileType = sourcecode.swift; path = AffirmationView.swift; sourceTree = "<group>"; };
		D7B01F292A02F6720018105A /* HomeBackgroundView.swift */ = {isa = PBXFileReference; lastKnownFileType = sourcecode.swift; path = HomeBackgroundView.swift; sourceTree = "<group>"; };
		D7B01F2E2A02FA910018105A /* AffirmationModel.swift */ = {isa = PBXFileReference; lastKnownFileType = sourcecode.swift; path = AffirmationModel.swift; sourceTree = "<group>"; };
		D7B3BA2A2A151F8C00A0E5C4 /* FavouriteModel.swift */ = {isa = PBXFileReference; lastKnownFileType = sourcecode.swift; path = FavouriteModel.swift; sourceTree = "<group>"; };
		D7CC65B22A0246FC00B8DD3B /* HomeView.swift */ = {isa = PBXFileReference; lastKnownFileType = sourcecode.swift; path = HomeView.swift; sourceTree = "<group>"; };
		D7CC65B42A02480A00B8DD3B /* HomeViewModel.swift */ = {isa = PBXFileReference; lastKnownFileType = sourcecode.swift; path = HomeViewModel.swift; sourceTree = "<group>"; };
		D7E2D5A32A17A5FE0020DD15 /* ThemeView.swift */ = {isa = PBXFileReference; lastKnownFileType = sourcecode.swift; path = ThemeView.swift; sourceTree = "<group>"; };
		D7E2D5A52A17E7C10020DD15 /* ThemeViewModel.swift */ = {isa = PBXFileReference; lastKnownFileType = sourcecode.swift; path = ThemeViewModel.swift; sourceTree = "<group>"; };
		D7E2D5A72A17E9150020DD15 /* ThemeModel.swift */ = {isa = PBXFileReference; lastKnownFileType = sourcecode.swift; path = ThemeModel.swift; sourceTree = "<group>"; };
		D7E2D5A92A1850DC0020DD15 /* ThemeCardView.swift */ = {isa = PBXFileReference; lastKnownFileType = sourcecode.swift; path = ThemeCardView.swift; sourceTree = "<group>"; };
		D7E2D5AD2A1A5F910020DD15 /* ThemeColorPickerView.swift */ = {isa = PBXFileReference; lastKnownFileType = sourcecode.swift; path = ThemeColorPickerView.swift; sourceTree = "<group>"; };
		D7E2D5AF2A1ACC6B0020DD15 /* ThemeColorPickerCardView.swift */ = {isa = PBXFileReference; lastKnownFileType = sourcecode.swift; path = ThemeColorPickerCardView.swift; sourceTree = "<group>"; };
		D7E5C60F2A261D76002FD0AC /* ReminderView.swift */ = {isa = PBXFileReference; lastKnownFileType = sourcecode.swift; path = ReminderView.swift; sourceTree = "<group>"; };
		D7E5C6112A261D89002FD0AC /* ReminderViewModel.swift */ = {isa = PBXFileReference; lastKnownFileType = sourcecode.swift; path = ReminderViewModel.swift; sourceTree = "<group>"; };
		D7EF0FFC2A09063300FBDA75 /* String+Extension.swift */ = {isa = PBXFileReference; lastKnownFileType = sourcecode.swift; path = "String+Extension.swift"; sourceTree = "<group>"; };
		D7EF0FFE2A090FFE00FBDA75 /* Affirmations.json */ = {isa = PBXFileReference; fileEncoding = 4; lastKnownFileType = text.json; path = Affirmations.json; sourceTree = "<group>"; };
		D7EF10002A0A6C3B00FBDA75 /* Color+Extension.swift */ = {isa = PBXFileReference; lastKnownFileType = sourcecode.swift; path = "Color+Extension.swift"; sourceTree = "<group>"; };
		D7EF10022A0A787600FBDA75 /* Font+Extension.swift */ = {isa = PBXFileReference; lastKnownFileType = sourcecode.swift; path = "Font+Extension.swift"; sourceTree = "<group>"; };
		D7EF10052A0A846000FBDA75 /* JsonParser.swift */ = {isa = PBXFileReference; lastKnownFileType = sourcecode.swift; path = JsonParser.swift; sourceTree = "<group>"; };
		D7EF10072A0A873600FBDA75 /* Logger.swift */ = {isa = PBXFileReference; lastKnownFileType = sourcecode.swift; path = Logger.swift; sourceTree = "<group>"; };
		D7EF10092A0AB44E00FBDA75 /* AppSetting.swift */ = {isa = PBXFileReference; lastKnownFileType = sourcecode.swift; path = AppSetting.swift; sourceTree = "<group>"; };
		D7EF100C2A0AB89700FBDA75 /* Affirmation.swift */ = {isa = PBXFileReference; lastKnownFileType = sourcecode.swift; path = Affirmation.swift; sourceTree = "<group>"; };
		D7EF100E2A0AC20600FBDA75 /* AppDelegate.swift */ = {isa = PBXFileReference; lastKnownFileType = sourcecode.swift; path = AppDelegate.swift; sourceTree = "<group>"; };
		D7EF10132A0AD4EE00FBDA75 /* ReachabilityManager.swift */ = {isa = PBXFileReference; lastKnownFileType = sourcecode.swift; path = ReachabilityManager.swift; sourceTree = "<group>"; };
		D7EF10152A0AEAB000FBDA75 /* DownloadManager.swift */ = {isa = PBXFileReference; lastKnownFileType = sourcecode.swift; path = DownloadManager.swift; sourceTree = "<group>"; };
		D7EF10182A0AEB4B00FBDA75 /* RemoteConfigManager.swift */ = {isa = PBXFileReference; lastKnownFileType = sourcecode.swift; path = RemoteConfigManager.swift; sourceTree = "<group>"; };
		D7EF101C2A0BBE0800FBDA75 /* SystemConfiguration.framework */ = {isa = PBXFileReference; lastKnownFileType = wrapper.framework; name = SystemConfiguration.framework; path = System/Library/Frameworks/SystemConfiguration.framework; sourceTree = SDKROOT; };
		D7EF10282A0C215D00FBDA75 /* FirebaseManager.swift */ = {isa = PBXFileReference; lastKnownFileType = sourcecode.swift; path = FirebaseManager.swift; sourceTree = "<group>"; };
		EE0BF1D435808F124FA870E0 /* Pods-Affirmate.debug.xcconfig */ = {isa = PBXFileReference; includeInIndex = 1; lastKnownFileType = text.xcconfig; name = "Pods-Affirmate.debug.xcconfig"; path = "Target Support Files/Pods-Affirmate/Pods-Affirmate.debug.xcconfig"; sourceTree = "<group>"; };
/* End PBXFileReference section */

/* Begin PBXFrameworksBuildPhase section */
		D7111CD329FC2C200081829C /* Frameworks */ = {
			isa = PBXFrameworksBuildPhase;
			buildActionMask = 2147483647;
			files = (
				D7C7E87F2A432C5A008D77C7 /* FirebaseMessaging in Frameworks */,
				6E1364A6A3DCECA4AFF4AA5D /* Pods_Affirmate.framework in Frameworks */,
				D7EF101D2A0BBE0900FBDA75 /* SystemConfiguration.framework in Frameworks */,
				D7B3BA292A14FCFC00A0E5C4 /* RealmSwift in Frameworks */,
				D7EF10222A0BDE5200FBDA75 /* FirebaseRemoteConfigSwift in Frameworks */,
				D7EF10122A0AD39900FBDA75 /* Reachability in Frameworks */,
				D72E375F2A38C8C600F2D2E1 /* AlertToast in Frameworks */,
				D7EF10202A0BDE5200FBDA75 /* FirebaseRemoteConfig in Frameworks */,
				D7EF10242A0BDE5200FBDA75 /* FirebaseStorage in Frameworks */,
			);
			runOnlyForDeploymentPostprocessing = 0;
		};
/* End PBXFrameworksBuildPhase section */

/* Begin PBXGroup section */
		D70E99A92A0EC40600D22C4B /* Scenes */ = {
			isa = PBXGroup;
			children = (
				D7E5C60B2A24DD29002FD0AC /* Remainder */,
				D7E2D59D2A17A5B30020DD15 /* Theme */,
				D70E99AA2A0ED78700D22C4B /* Category */,
				D7CC65B12A0246B500B8DD3B /* Home */,
			);
			path = Scenes;
			sourceTree = "<group>";
		};
		D70E99AA2A0ED78700D22C4B /* Category */ = {
			isa = PBXGroup;
			children = (
				D70E99AD2A0ED7F100D22C4B /* Views */,
				D70E99AC2A0ED7DF00D22C4B /* ViewModels */,
				D70E99AB2A0ED7CA00D22C4B /* Models */,
			);
			path = Category;
			sourceTree = "<group>";
		};
		D70E99AB2A0ED7CA00D22C4B /* Models */ = {
			isa = PBXGroup;
			children = (
				D794E7FD2A10278700DF3DE4 /* CategoryModel.swift */,
			);
			path = Models;
			sourceTree = "<group>";
		};
		D70E99AC2A0ED7DF00D22C4B /* ViewModels */ = {
			isa = PBXGroup;
			children = (
				D70E99B02A0ED82800D22C4B /* CategoryViewModel.swift */,
			);
			path = ViewModels;
			sourceTree = "<group>";
		};
		D70E99AD2A0ED7F100D22C4B /* Views */ = {
			isa = PBXGroup;
			children = (
				D70E99AE2A0ED81100D22C4B /* CategoryView.swift */,
				D7A77CB82A10162C000354E1 /* CategoryCard.swift */,
			);
			path = Views;
			sourceTree = "<group>";
		};
		D7111CCD29FC2C200081829C = {
			isa = PBXGroup;
			children = (
				D7111CD829FC2C200081829C /* Affirmate */,
				D7111CD729FC2C200081829C /* Products */,
				FC2E80EFBDCEDF18594E1CD2 /* Pods */,
				F968F7DC024BF8046F20B5B9 /* Frameworks */,
			);
			sourceTree = "<group>";
		};
		D7111CD729FC2C200081829C /* Products */ = {
			isa = PBXGroup;
			children = (
				D7111CD629FC2C200081829C /* Affirmate.app */,
			);
			name = Products;
			sourceTree = "<group>";
		};
		D7111CD829FC2C200081829C /* Affirmate */ = {
			isa = PBXGroup;
			children = (
				D72E375C2A38C04100F2D2E1 /* Info.plist */,
				D72E375B2A38BA1100F2D2E1 /* Affirmate.entitlements */,
				D7EF100E2A0AC20600FBDA75 /* AppDelegate.swift */,
				D7111CD929FC2C200081829C /* AffirmateApp.swift */,
				D7EF10092A0AB44E00FBDA75 /* AppSetting.swift */,
				D7EF10072A0A873600FBDA75 /* Logger.swift */,
				D70E99A92A0EC40600D22C4B /* Scenes */,
				D7EF10042A0A844500FBDA75 /* Managers */,
				D79D43032A051CD4005427DB /* DataBase */,
				D7EF0FFB2A0905FA00FBDA75 /* Extensions */,
				D72E374C2A311ED900F2D2E1 /* NorificationSounds */,
				D7111CDD29FC2C210081829C /* Assets.xcassets */,
				D7111CDF29FC2C210081829C /* Preview Content */,
			);
			path = Affirmate;
			sourceTree = "<group>";
		};
		D7111CDF29FC2C210081829C /* Preview Content */ = {
			isa = PBXGroup;
			children = (
				D7111CE029FC2C210081829C /* Preview Assets.xcassets */,
			);
			path = "Preview Content";
			sourceTree = "<group>";
		};
		D72E374C2A311ED900F2D2E1 /* NorificationSounds */ = {
			isa = PBXGroup;
			children = (
				D72E37522A31200000F2D2E1 /* bell.wav */,
				D72E374D2A311FFD00F2D2E1 /* doorBell.wav */,
				D72E37512A311FFF00F2D2E1 /* dry.wav */,
				D72E374E2A311FFE00F2D2E1 /* guitar.wav */,
				D72E374F2A311FFE00F2D2E1 /* light.wav */,
				D72E37502A311FFF00F2D2E1 /* longPop.wav */,
			);
			path = NorificationSounds;
			sourceTree = "<group>";
		};
		D79D43032A051CD4005427DB /* DataBase */ = {
			isa = PBXGroup;
			children = (
				D7EF100B2A0AB4BB00FBDA75 /* Models */,
				D79D43042A051CE7005427DB /* DataBase.swift */,
				D794E8022A13A3B000DF3DE4 /* RealmDataManager.swift */,
				D7EF0FFE2A090FFE00FBDA75 /* Affirmations.json */,
			);
			path = DataBase;
			sourceTree = "<group>";
		};
		D7B01F2B2A02F71A0018105A /* Views */ = {
			isa = PBXGroup;
			children = (
				D7CC65B22A0246FC00B8DD3B /* HomeView.swift */,
				D7B01F272A02F5BC0018105A /* AffirmationView.swift */,
				D7B01F252A02F4AB0018105A /* HomeActionsView.swift */,
				D7B01F292A02F6720018105A /* HomeBackgroundView.swift */,
			);
			path = Views;
			sourceTree = "<group>";
		};
		D7B01F2C2A02F7340018105A /* ViewModels */ = {
			isa = PBXGroup;
			children = (
				D7CC65B42A02480A00B8DD3B /* HomeViewModel.swift */,
			);
			path = ViewModels;
			sourceTree = "<group>";
		};
		D7B01F2D2A02FA740018105A /* Models */ = {
			isa = PBXGroup;
			children = (
				D7B01F2E2A02FA910018105A /* AffirmationModel.swift */,
			);
			path = Models;
			sourceTree = "<group>";
		};
		D7CC65B12A0246B500B8DD3B /* Home */ = {
			isa = PBXGroup;
			children = (
				D7B01F2D2A02FA740018105A /* Models */,
				D7B01F2C2A02F7340018105A /* ViewModels */,
				D7B01F2B2A02F71A0018105A /* Views */,
			);
			path = Home;
			sourceTree = "<group>";
		};
		D7E2D59D2A17A5B30020DD15 /* Theme */ = {
			isa = PBXGroup;
			children = (
				D7E2D5A02A17A5D70020DD15 /* Models */,
				D7E2D59F2A17A5CF0020DD15 /* ViewModels */,
				D7E2D59E2A17A5C20020DD15 /* Views */,
			);
			path = Theme;
			sourceTree = "<group>";
		};
		D7E2D59E2A17A5C20020DD15 /* Views */ = {
			isa = PBXGroup;
			children = (
				D7E2D5A32A17A5FE0020DD15 /* ThemeView.swift */,
				D7E2D5A92A1850DC0020DD15 /* ThemeCardView.swift */,
				D7E2D5AD2A1A5F910020DD15 /* ThemeColorPickerView.swift */,
				D7E2D5AF2A1ACC6B0020DD15 /* ThemeColorPickerCardView.swift */,
			);
			path = Views;
			sourceTree = "<group>";
		};
		D7E2D59F2A17A5CF0020DD15 /* ViewModels */ = {
			isa = PBXGroup;
			children = (
				D7E2D5A52A17E7C10020DD15 /* ThemeViewModel.swift */,
			);
			path = ViewModels;
			sourceTree = "<group>";
		};
		D7E2D5A02A17A5D70020DD15 /* Models */ = {
			isa = PBXGroup;
			children = (
				D7E2D5A72A17E9150020DD15 /* ThemeModel.swift */,
			);
			path = Models;
			sourceTree = "<group>";
		};
		D7E5C60B2A24DD29002FD0AC /* Remainder */ = {
			isa = PBXGroup;
			children = (
				D7E5C60E2A24DD8D002FD0AC /* Views */,
				D7E5C60D2A24DD83002FD0AC /* ViewModels */,
				D7E5C60C2A24DD7D002FD0AC /* Models */,
			);
			path = Remainder;
			sourceTree = "<group>";
		};
		D7E5C60C2A24DD7D002FD0AC /* Models */ = {
			isa = PBXGroup;
			children = (
				D71C39CA2A2A02610036352B /* RemainderDay.swift */,
			);
			path = Models;
			sourceTree = "<group>";
		};
		D7E5C60D2A24DD83002FD0AC /* ViewModels */ = {
			isa = PBXGroup;
			children = (
				D7E5C6112A261D89002FD0AC /* ReminderViewModel.swift */,
			);
			path = ViewModels;
			sourceTree = "<group>";
		};
		D7E5C60E2A24DD8D002FD0AC /* Views */ = {
			isa = PBXGroup;
			children = (
				D7E5C60F2A261D76002FD0AC /* ReminderView.swift */,
				D72E37462A30FF0A00F2D2E1 /* WeekDaysSelectionView.swift */,
				D72E37482A30FF6B00F2D2E1 /* ReminderCategoryListView.swift */,
				D72E374A2A310F3400F2D2E1 /* ReminderSoundList.swift */,
			);
			path = Views;
			sourceTree = "<group>";
		};
		D7EF0FFB2A0905FA00FBDA75 /* Extensions */ = {
			isa = PBXGroup;
			children = (
				D7EF0FFC2A09063300FBDA75 /* String+Extension.swift */,
				D7EF10002A0A6C3B00FBDA75 /* Color+Extension.swift */,
				D7EF10022A0A787600FBDA75 /* Font+Extension.swift */,
				D78A71872A309EF9000EB7E7 /* Array+Extension.swift */,
				D78A71892A30A710000EB7E7 /* Date+Extension.swift */,
			);
			path = Extensions;
			sourceTree = "<group>";
		};
		D7EF10042A0A844500FBDA75 /* Managers */ = {
			isa = PBXGroup;
			children = (
				D7EF10172A0AEB1C00FBDA75 /* Firebase */,
				D7EF10052A0A846000FBDA75 /* JsonParser.swift */,
				D7EF10132A0AD4EE00FBDA75 /* ReachabilityManager.swift */,
				D7EF10152A0AEAB000FBDA75 /* DownloadManager.swift */,
				D78A718B2A30BD87000EB7E7 /* NotificationManager.swift */,
				D72E37592A3122C200F2D2E1 /* SoundPlayer.swift */,
			);
			path = Managers;
			sourceTree = "<group>";
		};
		D7EF100B2A0AB4BB00FBDA75 /* Models */ = {
			isa = PBXGroup;
			children = (
				D7EF100C2A0AB89700FBDA75 /* Affirmation.swift */,
				D7B3BA2A2A151F8C00A0E5C4 /* FavouriteModel.swift */,
			);
			path = Models;
			sourceTree = "<group>";
		};
		D7EF10172A0AEB1C00FBDA75 /* Firebase */ = {
			isa = PBXGroup;
			children = (
				D7EF10182A0AEB4B00FBDA75 /* RemoteConfigManager.swift */,
				D7EF10282A0C215D00FBDA75 /* FirebaseManager.swift */,
			);
			path = Firebase;
			sourceTree = "<group>";
		};
		F968F7DC024BF8046F20B5B9 /* Frameworks */ = {
			isa = PBXGroup;
			children = (
				D794E8002A13A31F00DF3DE4 /* CoreData.framework */,
				D7EF101C2A0BBE0800FBDA75 /* SystemConfiguration.framework */,
				83B42F3FB5B628AB2B0F1C0B /* Pods_Affirmate.framework */,
			);
			name = Frameworks;
			sourceTree = "<group>";
		};
		FC2E80EFBDCEDF18594E1CD2 /* Pods */ = {
			isa = PBXGroup;
			children = (
				EE0BF1D435808F124FA870E0 /* Pods-Affirmate.debug.xcconfig */,
				6B539FA890D88B502022CA65 /* Pods-Affirmate.release.xcconfig */,
			);
			path = Pods;
			sourceTree = "<group>";
		};
/* End PBXGroup section */

/* Begin PBXNativeTarget section */
		D7111CD529FC2C200081829C /* Affirmate */ = {
			isa = PBXNativeTarget;
			buildConfigurationList = D7111CE429FC2C210081829C /* Build configuration list for PBXNativeTarget "Affirmate" */;
			buildPhases = (
				DB40E8351C3A0809788A6E48 /* [CP] Check Pods Manifest.lock */,
				D7111CD229FC2C200081829C /* Sources */,
				D7111CD329FC2C200081829C /* Frameworks */,
				D7111CD429FC2C200081829C /* Resources */,
				D7111CE729FC3D010081829C /* Swift Lint */,
			);
			buildRules = (
			);
			dependencies = (
			);
			name = Affirmate;
			packageProductDependencies = (
				D7EF10112A0AD39900FBDA75 /* Reachability */,
				D7EF101F2A0BDE5200FBDA75 /* FirebaseRemoteConfig */,
				D7EF10212A0BDE5200FBDA75 /* FirebaseRemoteConfigSwift */,
				D7EF10232A0BDE5200FBDA75 /* FirebaseStorage */,
				D7B3BA282A14FCFC00A0E5C4 /* RealmSwift */,
				D72E375E2A38C8C600F2D2E1 /* AlertToast */,
				D7C7E87E2A432C5A008D77C7 /* FirebaseMessaging */,
			);
			productName = Affirmate;
			productReference = D7111CD629FC2C200081829C /* Affirmate.app */;
			productType = "com.apple.product-type.application";
		};
/* End PBXNativeTarget section */

/* Begin PBXProject section */
		D7111CCE29FC2C200081829C /* Project object */ = {
			isa = PBXProject;
			attributes = {
				BuildIndependentTargetsInParallel = 1;
				LastSwiftUpdateCheck = 1420;
				LastUpgradeCheck = 1420;
				TargetAttributes = {
					D7111CD529FC2C200081829C = {
						CreatedOnToolsVersion = 14.2;
					};
				};
			};
			buildConfigurationList = D7111CD129FC2C200081829C /* Build configuration list for PBXProject "Affirmate" */;
			compatibilityVersion = "Xcode 14.0";
			developmentRegion = en;
			hasScannedForEncodings = 0;
			knownRegions = (
				en,
				Base,
			);
			mainGroup = D7111CCD29FC2C200081829C;
			packageReferences = (
				D7EF10102A0AD39900FBDA75 /* XCRemoteSwiftPackageReference "Reachability" */,
				D7EF101E2A0BDE5200FBDA75 /* XCRemoteSwiftPackageReference "firebase-ios-sdk" */,
				D794E8152A14F3B400DF3DE4 /* XCRemoteSwiftPackageReference "realm-swift" */,
				D72E375D2A38C8C600F2D2E1 /* XCRemoteSwiftPackageReference "AlertToast" */,
			);
			productRefGroup = D7111CD729FC2C200081829C /* Products */;
			projectDirPath = "";
			projectRoot = "";
			targets = (
				D7111CD529FC2C200081829C /* Affirmate */,
			);
		};
/* End PBXProject section */

/* Begin PBXResourcesBuildPhase section */
		D7111CD429FC2C200081829C /* Resources */ = {
			isa = PBXResourcesBuildPhase;
			buildActionMask = 2147483647;
			files = (
				D72E37572A31200000F2D2E1 /* dry.wav in Resources */,
				D72E37542A31200000F2D2E1 /* guitar.wav in Resources */,
				D7EF0FFF2A090FFE00FBDA75 /* Affirmations.json in Resources */,
				D7111CE129FC2C210081829C /* Preview Assets.xcassets in Resources */,
				D72E37582A31200000F2D2E1 /* bell.wav in Resources */,
				D7111CDE29FC2C210081829C /* Assets.xcassets in Resources */,
				D72E37552A31200000F2D2E1 /* light.wav in Resources */,
				D72E37562A31200000F2D2E1 /* longPop.wav in Resources */,
				D72E37532A31200000F2D2E1 /* doorBell.wav in Resources */,
			);
			runOnlyForDeploymentPostprocessing = 0;
		};
/* End PBXResourcesBuildPhase section */

/* Begin PBXShellScriptBuildPhase section */
		D7111CE729FC3D010081829C /* Swift Lint */ = {
			isa = PBXShellScriptBuildPhase;
			alwaysOutOfDate = 1;
			buildActionMask = 8;
			files = (
			);
			inputFileListPaths = (
			);
			inputPaths = (
			);
			name = "Swift Lint";
			outputFileListPaths = (
			);
			outputPaths = (
			);
			runOnlyForDeploymentPostprocessing = 1;
			shellPath = /bin/sh;
			shellScript = "if [[ \"$(uname -m)\" == arm64 ]]; then\n    export PATH=\"/opt/homebrew/bin:$PATH\"\nfi\n\nif which swiftlint > /dev/null; then\n  swiftlint\nelse\n  echo \"warning: SwiftLint not installed, download from https://github.com/realm/SwiftLint\"\nfi\n";
		};
		DB40E8351C3A0809788A6E48 /* [CP] Check Pods Manifest.lock */ = {
			isa = PBXShellScriptBuildPhase;
			buildActionMask = 2147483647;
			files = (
			);
			inputFileListPaths = (
			);
			inputPaths = (
				"${PODS_PODFILE_DIR_PATH}/Podfile.lock",
				"${PODS_ROOT}/Manifest.lock",
			);
			name = "[CP] Check Pods Manifest.lock";
			outputFileListPaths = (
			);
			outputPaths = (
				"$(DERIVED_FILE_DIR)/Pods-Affirmate-checkManifestLockResult.txt",
			);
			runOnlyForDeploymentPostprocessing = 0;
			shellPath = /bin/sh;
			shellScript = "diff \"${PODS_PODFILE_DIR_PATH}/Podfile.lock\" \"${PODS_ROOT}/Manifest.lock\" > /dev/null\nif [ $? != 0 ] ; then\n    # print error to STDERR\n    echo \"error: The sandbox is not in sync with the Podfile.lock. Run 'pod install' or update your CocoaPods installation.\" >&2\n    exit 1\nfi\n# This output is used by Xcode 'outputs' to avoid re-running this script phase.\necho \"SUCCESS\" > \"${SCRIPT_OUTPUT_FILE_0}\"\n";
			showEnvVarsInLog = 0;
		};
/* End PBXShellScriptBuildPhase section */

/* Begin PBXSourcesBuildPhase section */
		D7111CD229FC2C200081829C /* Sources */ = {
			isa = PBXSourcesBuildPhase;
			buildActionMask = 2147483647;
			files = (
				D7E2D5AE2A1A5F910020DD15 /* ThemeColorPickerView.swift in Sources */,
				D7E2D5A62A17E7C10020DD15 /* ThemeViewModel.swift in Sources */,
				D72E37492A30FF6B00F2D2E1 /* ReminderCategoryListView.swift in Sources */,
				D7CC65B32A0246FC00B8DD3B /* HomeView.swift in Sources */,
				D7B01F282A02F5BC0018105A /* AffirmationView.swift in Sources */,
				D72E375A2A3122C200F2D2E1 /* SoundPlayer.swift in Sources */,
				D7EF10032A0A787600FBDA75 /* Font+Extension.swift in Sources */,
				D7111CDA29FC2C200081829C /* AffirmateApp.swift in Sources */,
				D72E374B2A310F3400F2D2E1 /* ReminderSoundList.swift in Sources */,
				D78A718C2A30BD87000EB7E7 /* NotificationManager.swift in Sources */,
				D71C39CB2A2A02610036352B /* RemainderDay.swift in Sources */,
				D7EF10142A0AD4EE00FBDA75 /* ReachabilityManager.swift in Sources */,
				D7B01F262A02F4AB0018105A /* HomeActionsView.swift in Sources */,
				D7B3BA2B2A151F8C00A0E5C4 /* FavouriteModel.swift in Sources */,
				D70E99B12A0ED82800D22C4B /* CategoryViewModel.swift in Sources */,
				D7EF100A2A0AB44E00FBDA75 /* AppSetting.swift in Sources */,
				D79D43052A051CE7005427DB /* DataBase.swift in Sources */,
				D7E2D5A42A17A5FE0020DD15 /* ThemeView.swift in Sources */,
				D7EF10292A0C215D00FBDA75 /* FirebaseManager.swift in Sources */,
				D7CC65B52A02480A00B8DD3B /* HomeViewModel.swift in Sources */,
				D78A718A2A30A710000EB7E7 /* Date+Extension.swift in Sources */,
				D7B01F2F2A02FA910018105A /* AffirmationModel.swift in Sources */,
				D794E7FE2A10278700DF3DE4 /* CategoryModel.swift in Sources */,
				D7EF0FFD2A09063300FBDA75 /* String+Extension.swift in Sources */,
				D7E2D5AA2A1850DC0020DD15 /* ThemeCardView.swift in Sources */,
				D7EF10012A0A6C3B00FBDA75 /* Color+Extension.swift in Sources */,
				D7EF100D2A0AB89700FBDA75 /* Affirmation.swift in Sources */,
				D7EF10162A0AEAB000FBDA75 /* DownloadManager.swift in Sources */,
				D70E99AF2A0ED81100D22C4B /* CategoryView.swift in Sources */,
				D7E5C6102A261D76002FD0AC /* ReminderView.swift in Sources */,
				D7EF10082A0A873600FBDA75 /* Logger.swift in Sources */,
				D794E8032A13A3B000DF3DE4 /* RealmDataManager.swift in Sources */,
				D7B01F2A2A02F6720018105A /* HomeBackgroundView.swift in Sources */,
				D7EF10192A0AEB4B00FBDA75 /* RemoteConfigManager.swift in Sources */,
				D78A71882A309EF9000EB7E7 /* Array+Extension.swift in Sources */,
				D7E5C6122A261D89002FD0AC /* ReminderViewModel.swift in Sources */,
				D7A77CB92A10162C000354E1 /* CategoryCard.swift in Sources */,
				D7E2D5A82A17E9150020DD15 /* ThemeModel.swift in Sources */,
				D72E37472A30FF0A00F2D2E1 /* WeekDaysSelectionView.swift in Sources */,
				D7EF100F2A0AC20600FBDA75 /* AppDelegate.swift in Sources */,
				D7E2D5B02A1ACC6B0020DD15 /* ThemeColorPickerCardView.swift in Sources */,
				D7EF10062A0A846000FBDA75 /* JsonParser.swift in Sources */,
			);
			runOnlyForDeploymentPostprocessing = 0;
		};
/* End PBXSourcesBuildPhase section */

/* Begin XCBuildConfiguration section */
		D7111CE229FC2C210081829C /* Debug */ = {
			isa = XCBuildConfiguration;
			buildSettings = {
				ALWAYS_SEARCH_USER_PATHS = NO;
				CLANG_ANALYZER_NONNULL = YES;
				CLANG_ANALYZER_NUMBER_OBJECT_CONVERSION = YES_AGGRESSIVE;
				CLANG_CXX_LANGUAGE_STANDARD = "gnu++20";
				CLANG_ENABLE_MODULES = YES;
				CLANG_ENABLE_OBJC_ARC = YES;
				CLANG_ENABLE_OBJC_WEAK = YES;
				CLANG_WARN_BLOCK_CAPTURE_AUTORELEASING = YES;
				CLANG_WARN_BOOL_CONVERSION = YES;
				CLANG_WARN_COMMA = YES;
				CLANG_WARN_CONSTANT_CONVERSION = YES;
				CLANG_WARN_DEPRECATED_OBJC_IMPLEMENTATIONS = YES;
				CLANG_WARN_DIRECT_OBJC_ISA_USAGE = YES_ERROR;
				CLANG_WARN_DOCUMENTATION_COMMENTS = YES;
				CLANG_WARN_EMPTY_BODY = YES;
				CLANG_WARN_ENUM_CONVERSION = YES;
				CLANG_WARN_INFINITE_RECURSION = YES;
				CLANG_WARN_INT_CONVERSION = YES;
				CLANG_WARN_NON_LITERAL_NULL_CONVERSION = YES;
				CLANG_WARN_OBJC_IMPLICIT_RETAIN_SELF = YES;
				CLANG_WARN_OBJC_LITERAL_CONVERSION = YES;
				CLANG_WARN_OBJC_ROOT_CLASS = YES_ERROR;
				CLANG_WARN_QUOTED_INCLUDE_IN_FRAMEWORK_HEADER = YES;
				CLANG_WARN_RANGE_LOOP_ANALYSIS = YES;
				CLANG_WARN_STRICT_PROTOTYPES = YES;
				CLANG_WARN_SUSPICIOUS_MOVE = YES;
				CLANG_WARN_UNGUARDED_AVAILABILITY = YES_AGGRESSIVE;
				CLANG_WARN_UNREACHABLE_CODE = YES;
				CLANG_WARN__DUPLICATE_METHOD_MATCH = YES;
				COPY_PHASE_STRIP = NO;
				DEBUG_INFORMATION_FORMAT = dwarf;
				ENABLE_STRICT_OBJC_MSGSEND = YES;
				ENABLE_TESTABILITY = YES;
				GCC_C_LANGUAGE_STANDARD = gnu11;
				GCC_DYNAMIC_NO_PIC = NO;
				GCC_NO_COMMON_BLOCKS = YES;
				GCC_OPTIMIZATION_LEVEL = 0;
				GCC_PREPROCESSOR_DEFINITIONS = (
					"DEBUG=1",
					"$(inherited)",
				);
				GCC_WARN_64_TO_32_BIT_CONVERSION = YES;
				GCC_WARN_ABOUT_RETURN_TYPE = YES_ERROR;
				GCC_WARN_UNDECLARED_SELECTOR = YES;
				GCC_WARN_UNINITIALIZED_AUTOS = YES_AGGRESSIVE;
				GCC_WARN_UNUSED_FUNCTION = YES;
				GCC_WARN_UNUSED_VARIABLE = YES;
				IPHONEOS_DEPLOYMENT_TARGET = 16.2;
				MTL_ENABLE_DEBUG_INFO = INCLUDE_SOURCE;
				MTL_FAST_MATH = YES;
				ONLY_ACTIVE_ARCH = YES;
				SDKROOT = iphoneos;
				SWIFT_ACTIVE_COMPILATION_CONDITIONS = DEBUG;
				SWIFT_OPTIMIZATION_LEVEL = "-Onone";
				SWIFT_VERSION = 5.0;
			};
			name = Debug;
		};
		D7111CE329FC2C210081829C /* Release */ = {
			isa = XCBuildConfiguration;
			buildSettings = {
				ALWAYS_SEARCH_USER_PATHS = NO;
				CLANG_ANALYZER_NONNULL = YES;
				CLANG_ANALYZER_NUMBER_OBJECT_CONVERSION = YES_AGGRESSIVE;
				CLANG_CXX_LANGUAGE_STANDARD = "gnu++20";
				CLANG_ENABLE_MODULES = YES;
				CLANG_ENABLE_OBJC_ARC = YES;
				CLANG_ENABLE_OBJC_WEAK = YES;
				CLANG_WARN_BLOCK_CAPTURE_AUTORELEASING = YES;
				CLANG_WARN_BOOL_CONVERSION = YES;
				CLANG_WARN_COMMA = YES;
				CLANG_WARN_CONSTANT_CONVERSION = YES;
				CLANG_WARN_DEPRECATED_OBJC_IMPLEMENTATIONS = YES;
				CLANG_WARN_DIRECT_OBJC_ISA_USAGE = YES_ERROR;
				CLANG_WARN_DOCUMENTATION_COMMENTS = YES;
				CLANG_WARN_EMPTY_BODY = YES;
				CLANG_WARN_ENUM_CONVERSION = YES;
				CLANG_WARN_INFINITE_RECURSION = YES;
				CLANG_WARN_INT_CONVERSION = YES;
				CLANG_WARN_NON_LITERAL_NULL_CONVERSION = YES;
				CLANG_WARN_OBJC_IMPLICIT_RETAIN_SELF = YES;
				CLANG_WARN_OBJC_LITERAL_CONVERSION = YES;
				CLANG_WARN_OBJC_ROOT_CLASS = YES_ERROR;
				CLANG_WARN_QUOTED_INCLUDE_IN_FRAMEWORK_HEADER = YES;
				CLANG_WARN_RANGE_LOOP_ANALYSIS = YES;
				CLANG_WARN_STRICT_PROTOTYPES = YES;
				CLANG_WARN_SUSPICIOUS_MOVE = YES;
				CLANG_WARN_UNGUARDED_AVAILABILITY = YES_AGGRESSIVE;
				CLANG_WARN_UNREACHABLE_CODE = YES;
				CLANG_WARN__DUPLICATE_METHOD_MATCH = YES;
				COPY_PHASE_STRIP = NO;
				DEBUG_INFORMATION_FORMAT = "dwarf-with-dsym";
				ENABLE_NS_ASSERTIONS = NO;
				ENABLE_STRICT_OBJC_MSGSEND = YES;
				GCC_C_LANGUAGE_STANDARD = gnu11;
				GCC_NO_COMMON_BLOCKS = YES;
				GCC_WARN_64_TO_32_BIT_CONVERSION = YES;
				GCC_WARN_ABOUT_RETURN_TYPE = YES_ERROR;
				GCC_WARN_UNDECLARED_SELECTOR = YES;
				GCC_WARN_UNINITIALIZED_AUTOS = YES_AGGRESSIVE;
				GCC_WARN_UNUSED_FUNCTION = YES;
				GCC_WARN_UNUSED_VARIABLE = YES;
				IPHONEOS_DEPLOYMENT_TARGET = 16.2;
				MTL_ENABLE_DEBUG_INFO = NO;
				MTL_FAST_MATH = YES;
				SDKROOT = iphoneos;
				SWIFT_COMPILATION_MODE = wholemodule;
				SWIFT_OPTIMIZATION_LEVEL = "-O";
				SWIFT_VERSION = 5.0;
				VALIDATE_PRODUCT = YES;
			};
			name = Release;
		};
		D7111CE529FC2C210081829C /* Debug */ = {
			isa = XCBuildConfiguration;
			baseConfigurationReference = EE0BF1D435808F124FA870E0 /* Pods-Affirmate.debug.xcconfig */;
			buildSettings = {
				ASSETCATALOG_COMPILER_APPICON_NAME = AppIcon;
				ASSETCATALOG_COMPILER_GLOBAL_ACCENT_COLOR_NAME = AccentColor;
				ASSETCATALOG_COMPILER_INCLUDE_ALL_APPICON_ASSETS = NO;
				CODE_SIGN_ENTITLEMENTS = Affirmate/Affirmate.entitlements;
				CODE_SIGN_STYLE = Automatic;
				CURRENT_PROJECT_VERSION = 1;
				DEVELOPMENT_ASSET_PATHS = "\"Affirmate/Preview Content\"";
				DEVELOPMENT_TEAM = N3A57PCM54;
				ENABLE_PREVIEWS = YES;
				GENERATE_INFOPLIST_FILE = YES;
				INFOPLIST_FILE = Affirmate/Info.plist;
				INFOPLIST_KEY_CFBundleDisplayName = Affirmate;
				INFOPLIST_KEY_LSApplicationCategoryType = "public.app-category.healthcare-fitness";
				INFOPLIST_KEY_UIApplicationSceneManifest_Generation = YES;
				INFOPLIST_KEY_UIApplicationSupportsIndirectInputEvents = YES;
				INFOPLIST_KEY_UILaunchScreen_Generation = YES;
				INFOPLIST_KEY_UISupportedInterfaceOrientations = UIInterfaceOrientationPortrait;
				INFOPLIST_KEY_UISupportedInterfaceOrientations_iPad = "UIInterfaceOrientationPortrait UIInterfaceOrientationPortraitUpsideDown";
				IPHONEOS_DEPLOYMENT_TARGET = 16.1;
				LD_RUNPATH_SEARCH_PATHS = (
					"$(inherited)",
					"@executable_path/Frameworks",
				);
				MARKETING_VERSION = 1.0;
				PRODUCT_BUNDLE_IDENTIFIER = com.app.affirmate;
				PRODUCT_NAME = "$(TARGET_NAME)";
				SUPPORTED_PLATFORMS = "iphoneos iphonesimulator";
				SUPPORTS_MACCATALYST = NO;
				SUPPORTS_MAC_DESIGNED_FOR_IPHONE_IPAD = NO;
				SWIFT_EMIT_LOC_STRINGS = YES;
				SWIFT_VERSION = 5.0;
				TARGETED_DEVICE_FAMILY = "1,2";
			};
			name = Debug;
		};
		D7111CE629FC2C210081829C /* Release */ = {
			isa = XCBuildConfiguration;
			baseConfigurationReference = 6B539FA890D88B502022CA65 /* Pods-Affirmate.release.xcconfig */;
			buildSettings = {
				ASSETCATALOG_COMPILER_APPICON_NAME = AppIcon;
				ASSETCATALOG_COMPILER_GLOBAL_ACCENT_COLOR_NAME = AccentColor;
				ASSETCATALOG_COMPILER_INCLUDE_ALL_APPICON_ASSETS = NO;
				CODE_SIGN_ENTITLEMENTS = Affirmate/Affirmate.entitlements;
				CODE_SIGN_STYLE = Automatic;
				CURRENT_PROJECT_VERSION = 1;
				DEVELOPMENT_ASSET_PATHS = "\"Affirmate/Preview Content\"";
				DEVELOPMENT_TEAM = N3A57PCM54;
				ENABLE_PREVIEWS = YES;
				GENERATE_INFOPLIST_FILE = YES;
				INFOPLIST_FILE = Affirmate/Info.plist;
				INFOPLIST_KEY_CFBundleDisplayName = Affirmate;
				INFOPLIST_KEY_LSApplicationCategoryType = "public.app-category.healthcare-fitness";
				INFOPLIST_KEY_UIApplicationSceneManifest_Generation = YES;
				INFOPLIST_KEY_UIApplicationSupportsIndirectInputEvents = YES;
				INFOPLIST_KEY_UILaunchScreen_Generation = YES;
				INFOPLIST_KEY_UISupportedInterfaceOrientations = UIInterfaceOrientationPortrait;
				INFOPLIST_KEY_UISupportedInterfaceOrientations_iPad = "UIInterfaceOrientationPortrait UIInterfaceOrientationPortraitUpsideDown";
				IPHONEOS_DEPLOYMENT_TARGET = 16.1;
				LD_RUNPATH_SEARCH_PATHS = (
					"$(inherited)",
					"@executable_path/Frameworks",
				);
				MARKETING_VERSION = 1.0;
				PRODUCT_BUNDLE_IDENTIFIER = com.app.affirmate;
				PRODUCT_NAME = "$(TARGET_NAME)";
				SUPPORTED_PLATFORMS = "iphoneos iphonesimulator";
				SUPPORTS_MACCATALYST = NO;
				SUPPORTS_MAC_DESIGNED_FOR_IPHONE_IPAD = NO;
				SWIFT_EMIT_LOC_STRINGS = YES;
				SWIFT_VERSION = 5.0;
				TARGETED_DEVICE_FAMILY = "1,2";
			};
			name = Release;
		};
/* End XCBuildConfiguration section */

/* Begin XCConfigurationList section */
		D7111CD129FC2C200081829C /* Build configuration list for PBXProject "Affirmate" */ = {
			isa = XCConfigurationList;
			buildConfigurations = (
				D7111CE229FC2C210081829C /* Debug */,
				D7111CE329FC2C210081829C /* Release */,
			);
			defaultConfigurationIsVisible = 0;
			defaultConfigurationName = Release;
		};
		D7111CE429FC2C210081829C /* Build configuration list for PBXNativeTarget "Affirmate" */ = {
			isa = XCConfigurationList;
			buildConfigurations = (
				D7111CE529FC2C210081829C /* Debug */,
				D7111CE629FC2C210081829C /* Release */,
			);
			defaultConfigurationIsVisible = 0;
			defaultConfigurationName = Release;
		};
/* End XCConfigurationList section */

/* Begin XCRemoteSwiftPackageReference section */
		D72E375D2A38C8C600F2D2E1 /* XCRemoteSwiftPackageReference "AlertToast" */ = {
			isa = XCRemoteSwiftPackageReference;
			repositoryURL = "https://github.com/elai950/AlertToast";
			requirement = {
				kind = upToNextMajorVersion;
				minimumVersion = 1.0.0;
			};
		};
		D794E8152A14F3B400DF3DE4 /* XCRemoteSwiftPackageReference "realm-swift" */ = {
			isa = XCRemoteSwiftPackageReference;
			repositoryURL = "https://github.com/realm/realm-swift.git";
			requirement = {
				kind = upToNextMajorVersion;
				minimumVersion = 10.39.1;
			};
		};
		D7EF10102A0AD39900FBDA75 /* XCRemoteSwiftPackageReference "Reachability" */ = {
			isa = XCRemoteSwiftPackageReference;
			repositoryURL = "https://github.com/ashleymills/Reachability.swift";
			requirement = {
				kind = upToNextMajorVersion;
				minimumVersion = 5.1.0;
			};
		};
		D7EF101E2A0BDE5200FBDA75 /* XCRemoteSwiftPackageReference "firebase-ios-sdk" */ = {
			isa = XCRemoteSwiftPackageReference;
			repositoryURL = "https://github.com/firebase/firebase-ios-sdk";
			requirement = {
				kind = upToNextMajorVersion;
				minimumVersion = 10.9.0;
			};
		};
/* End XCRemoteSwiftPackageReference section */

/* Begin XCSwiftPackageProductDependency section */
		D72E375E2A38C8C600F2D2E1 /* AlertToast */ = {
			isa = XCSwiftPackageProductDependency;
			package = D72E375D2A38C8C600F2D2E1 /* XCRemoteSwiftPackageReference "AlertToast" */;
			productName = AlertToast;
		};
		D7B3BA282A14FCFC00A0E5C4 /* RealmSwift */ = {
			isa = XCSwiftPackageProductDependency;
			package = D794E8152A14F3B400DF3DE4 /* XCRemoteSwiftPackageReference "realm-swift" */;
			productName = RealmSwift;
		};
		D7C7E87E2A432C5A008D77C7 /* FirebaseMessaging */ = {
			isa = XCSwiftPackageProductDependency;
			package = D7EF101E2A0BDE5200FBDA75 /* XCRemoteSwiftPackageReference "firebase-ios-sdk" */;
			productName = FirebaseMessaging;
		};
		D7EF10112A0AD39900FBDA75 /* Reachability */ = {
			isa = XCSwiftPackageProductDependency;
			package = D7EF10102A0AD39900FBDA75 /* XCRemoteSwiftPackageReference "Reachability" */;
			productName = Reachability;
		};
		D7EF101F2A0BDE5200FBDA75 /* FirebaseRemoteConfig */ = {
			isa = XCSwiftPackageProductDependency;
			package = D7EF101E2A0BDE5200FBDA75 /* XCRemoteSwiftPackageReference "firebase-ios-sdk" */;
			productName = FirebaseRemoteConfig;
		};
		D7EF10212A0BDE5200FBDA75 /* FirebaseRemoteConfigSwift */ = {
			isa = XCSwiftPackageProductDependency;
			package = D7EF101E2A0BDE5200FBDA75 /* XCRemoteSwiftPackageReference "firebase-ios-sdk" */;
			productName = FirebaseRemoteConfigSwift;
		};
		D7EF10232A0BDE5200FBDA75 /* FirebaseStorage */ = {
			isa = XCSwiftPackageProductDependency;
			package = D7EF101E2A0BDE5200FBDA75 /* XCRemoteSwiftPackageReference "firebase-ios-sdk" */;
			productName = FirebaseStorage;
		};
/* End XCSwiftPackageProductDependency section */
	};
	rootObject = D7111CCE29FC2C200081829C /* Project object */;
}
